version: 6
environments:
  default:
    channels:
    - url: https://prefix.dev/conda-forge/
    packages:
      win-64:
      - conda: https://prefix.dev/conda-forge/noarch/ca-certificates-2025.10.5-h4c7d964_0.conda
      - conda: https://prefix.dev/conda-forge/win-64/fontconfig-2.15.0-h765892d_1.conda
      - conda: https://prefix.dev/conda-forge/win-64/freetype-2.14.1-h57928b3_0.conda
      - conda: https://prefix.dev/conda-forge/win-64/libexpat-2.7.1-hac47afa_0.conda
      - conda: https://prefix.dev/conda-forge/win-64/libffi-3.5.2-h52bdfb6_0.conda
      - conda: https://prefix.dev/conda-forge/win-64/libfreetype-2.14.1-h57928b3_0.conda
      - conda: https://prefix.dev/conda-forge/win-64/libfreetype6-2.14.1-hdbac1cb_0.conda
      - conda: https://prefix.dev/conda-forge/win-64/libiconv-1.18-hc1393d2_2.conda
      - conda: https://prefix.dev/conda-forge/win-64/libpng-1.6.50-h7351971_1.conda
      - conda: https://prefix.dev/conda-forge/win-64/libzlib-1.3.1-h2466b09_2.conda
      - conda: https://prefix.dev/conda-forge/win-64/openssl-3.5.4-h725018a_0.conda
      - conda: https://prefix.dev/conda-forge/win-64/ruby-3.4.7-h8d30f69_1.conda
      - conda: https://prefix.dev/conda-forge/win-64/ucrt-10.0.26100.0-h57928b3_0.conda
      - conda: https://prefix.dev/conda-forge/win-64/vc-14.3-h2b53caa_32.conda
      - conda: https://prefix.dev/conda-forge/win-64/vc14_runtime-14.44.35208-h818238b_32.conda
      - conda: https://prefix.dev/conda-forge/win-64/vcomp14-14.44.35208-h818238b_32.conda
      - conda: https://prefix.dev/conda-forge/win-64/yaml-0.2.5-h6a83c73_3.conda
packages:
- conda: https://prefix.dev/conda-forge/noarch/ca-certificates-2025.10.5-h4c7d964_0.conda
  sha256: bfb7f9f242f441fdcd80f1199edd2ecf09acea0f2bcef6f07d7cbb1a8131a345
  md5: e54200a1cd1fe33d61c9df8d3b00b743
  depends:
  - __win
  license: ISC
  size: 156354
  timestamp: 1759649104842
- conda: https://prefix.dev/conda-forge/win-64/fontconfig-2.15.0-h765892d_1.conda
  sha256: ed122fc858fb95768ca9ca77e73c8d9ddc21d4b2e13aaab5281e27593e840691
  md5: 9bb0026a2131b09404c59c4290c697cd
  depends:
  - freetype >=2.12.1,<3.0a0
  - libexpat >=2.6.3,<3.0a0
  - libiconv >=1.17,<2.0a0
  - libzlib >=1.3.1,<2.0a0
  - ucrt >=10.0.20348.0
  - vc >=14.2,<15
  - vc14_runtime >=14.29.30139
  license: MIT
  license_family: MIT
  size: 192355
  timestamp: 1730284147944
- conda: https://prefix.dev/conda-forge/win-64/freetype-2.14.1-h57928b3_0.conda
  sha256: a9b3313edea0bf14ea6147ea43a1059d0bf78771a1336d2c8282891efc57709a
  md5: d69c21967f35eb2ce7f1f85d6b6022d3
  depends:
  - libfreetype 2.14.1 h57928b3_0
  - libfreetype6 2.14.1 hdbac1cb_0
  license: GPL-2.0-only OR FTL
  size: 184553
  timestamp: 1757946164012
- conda: https://prefix.dev/conda-forge/win-64/libexpat-2.7.1-hac47afa_0.conda
  sha256: 8432ca842bdf8073ccecf016ccc9140c41c7114dc4ec77ca754551c01f780845
  md5: 3608ffde260281fa641e70d6e34b1b96
  depends:
  - ucrt >=10.0.20348.0
  - vc >=14.3,<15
  - vc14_runtime >=14.44.35208
  constrains:
  - expat 2.7.1.*
  license: MIT
  license_family: MIT
  size: 141322
  timestamp: 1752719767870
- conda: https://prefix.dev/conda-forge/win-64/libffi-3.5.2-h52bdfb6_0.conda
  sha256: ddff25aaa4f0aa535413f5d831b04073789522890a4d8626366e43ecde1534a3
  md5: ba4ad812d2afc22b9a34ce8327a0930f
  depends:
  - ucrt >=10.0.20348.0
  - vc >=14.3,<15
  - vc14_runtime >=14.44.35208
  license: MIT
  license_family: MIT
  size: 44866
  timestamp: 1760295760649
- conda: https://prefix.dev/conda-forge/win-64/libfreetype-2.14.1-h57928b3_0.conda
  sha256: 2029702ec55e968ce18ec38cc8cf29f4c8c4989a0d51797164dab4f794349a64
  md5: 3235024fe48d4087721797ebd6c9d28c
  depends:
  - libfreetype6 >=2.14.1
  license: GPL-2.0-only OR FTL
  size: 8109
  timestamp: 1757946135015
- conda: https://prefix.dev/conda-forge/win-64/libfreetype6-2.14.1-hdbac1cb_0.conda
  sha256: 223710600b1a5567163f7d66545817f2f144e4ef8f84e99e90f6b8a4e19cb7ad
  md5: 6e7c5c5ab485057b5d07fd8188ba5c28
  depends:
  - libpng >=1.6.50,<1.7.0a0
  - libzlib >=1.3.1,<2.0a0
  - ucrt >=10.0.20348.0
  - vc >=14.3,<15
  - vc14_runtime >=14.44.35208
  constrains:
  - freetype >=2.14.1
  license: GPL-2.0-only OR FTL
  size: 340264
  timestamp: 1757946133889
- conda: https://prefix.dev/conda-forge/win-64/libiconv-1.18-hc1393d2_2.conda
  sha256: 0dcdb1a5f01863ac4e8ba006a8b0dc1a02d2221ec3319b5915a1863254d7efa7
  md5: 64571d1dd6cdcfa25d0664a5950fdaa2
  depends:
  - ucrt >=10.0.20348.0
  - vc >=14.3,<15
  - vc14_runtime >=14.44.35208
  license: LGPL-2.1-only
  size: 696926
  timestamp: 1754909290005
- conda: https://prefix.dev/conda-forge/win-64/libpng-1.6.50-h7351971_1.conda
  sha256: e84b041f91c94841cb9b97952ab7f058d001d4a15ed4ce226ec5fdb267cc0fa5
  md5: 3ae6e9f5c47c495ebeed95651518be61
  depends:
  - vc >=14.3,<15
  - vc14_runtime >=14.44.35208
  - ucrt >=10.0.20348.0
  - vc >=14.3,<15
  - vc14_runtime >=14.44.35208
  - ucrt >=10.0.20348.0
  - libzlib >=1.3.1,<2.0a0
  license: zlib-acknowledgement
  size: 382709
  timestamp: 1753879944850
- conda: https://prefix.dev/conda-forge/win-64/libzlib-1.3.1-h2466b09_2.conda
  sha256: ba945c6493449bed0e6e29883c4943817f7c79cbff52b83360f7b341277c6402
  md5: 41fbfac52c601159df6c01f875de31b9
  depends:
  - ucrt >=10.0.20348.0
  - vc >=14.2,<15
  - vc14_runtime >=14.29.30139
  constrains:
  - zlib 1.3.1 *_2
  license: Zlib
  license_family: Other
  size: 55476
  timestamp: 1727963768015
- conda: https://prefix.dev/conda-forge/win-64/openssl-3.5.4-h725018a_0.conda
  sha256: 5ddc1e39e2a8b72db2431620ad1124016f3df135f87ebde450d235c212a61994
  md5: f28ffa510fe055ab518cbd9d6ddfea23
  depends:
  - ca-certificates
  - ucrt >=10.0.20348.0
  - vc >=14.3,<15
  - vc14_runtime >=14.44.35208
  license: Apache-2.0
  license_family: Apache
  size: 9218823
  timestamp: 1759326176247
- conda: https://prefix.dev/conda-forge/win-64/ruby-3.4.7-h8d30f69_1.conda
  sha256: e375653da58191b377c6bebc131e9dc9d7300f2238cccae132c7b51da2e414eb
  md5: 2b002a16a49cfb64cff1dd6576001073
  depends:
  - libffi >=3.5.2,<3.6.0a0
  - libzlib >=1.3.1,<2.0a0
  - openssl >=3.5.4,<4.0a0
  - ucrt >=10.0.20348.0
  - vc >=14.3,<15
  - vc14_runtime >=14.44.35208
  - yaml >=0.2.5,<0.3.0a0
  track_features:
  - rb34
  license: BSD-2-Clause
  license_family: BSD
  size: 18783955
  timestamp: 1761228348879
- conda: https://prefix.dev/conda-forge/win-64/ucrt-10.0.26100.0-h57928b3_0.conda
  sha256: 3005729dce6f3d3f5ec91dfc49fc75a0095f9cd23bab49efb899657297ac91a5
  md5: 71b24316859acd00bdb8b38f5e2ce328
  constrains:
  - vc14_runtime >=14.29.30037
  - vs2015_runtime >=14.29.30037
  license: LicenseRef-MicrosoftWindowsSDK10
  size: 694692
  timestamp: 1756385147981
- conda: https://prefix.dev/conda-forge/win-64/vc-14.3-h2b53caa_32.conda
  sha256: 82250af59af9ff3c6a635dd4c4764c631d854feb334d6747d356d949af44d7cf
  md5: ef02bbe151253a72b8eda264a935db66
  depends:
  - vc14_runtime >=14.42.34433
  track_features:
  - vc14
  license: BSD-3-Clause
  license_family: BSD
  size: 18861
  timestamp: 1760418772353
- conda: https://prefix.dev/conda-forge/win-64/vc14_runtime-14.44.35208-h818238b_32.conda
  sha256: e3a3656b70d1202e0d042811ceb743bd0d9f7e00e2acdf824d231b044ef6c0fd
  md5: 378d5dcec45eaea8d303da6f00447ac0
  depends:
  - ucrt >=10.0.20348.0
  - vcomp14 14.44.35208 h818238b_32
  constrains:
  - vs2015_runtime 14.44.35208.* *_32
  license: LicenseRef-MicrosoftVisualCpp2015-2022Runtime
  license_family: Proprietary
  size: 682706
  timestamp: 1760418629729
- conda: https://prefix.dev/conda-forge/win-64/vcomp14-14.44.35208-h818238b_32.conda
  sha256: f3790c88fbbdc55874f41de81a4237b1b91eab75e05d0e58661518ff04d2a8a1
  md5: 58f67b437acbf2764317ba273d731f1d
  depends:
  - ucrt >=10.0.20348.0
  constrains:
  - vs2015_runtime 14.44.35208.* *_32
  license: LicenseRef-MicrosoftVisualCpp2015-2022Runtime
  license_family: Proprietary
  size: 114846
  timestamp: 1760418593847
- conda: https://prefix.dev/conda-forge/win-64/yaml-0.2.5-h6a83c73_3.conda
  sha256: 80ee68c1e7683a35295232ea79bcc87279d31ffeda04a1665efdb43cbd50a309
  md5: 433699cba6602098ae8957a323da2664
  depends:
  - vc >=14.3,<15
  - vc14_runtime >=14.44.35208
  - ucrt >=10.0.20348.0
  - vc >=14.3,<15
  - vc14_runtime >=14.44.35208
  - ucrt >=10.0.20348.0
  license: MIT
  license_family: MIT
  size: 63944
  timestamp: 1753484092156
